
Microsoft Visual Studio Solution File, Format Version 12.00
# Visual Studio Version 16
VisualStudioVersion = 16.0.31624.102
MinimumVisualStudioVersion = 10.0.40219.1
Project("{FAE04EC0-301F-11D3-BF4B-00C04F79EFBC}") = "ShopingLibrary", "ShopingLibrary\ShopingLibrary.csproj", "{A6F11B8C-8F35-4F09-8244-0A89A8230DF4}"
EndProject
Project("{FAE04EC0-301F-11D3-BF4B-00C04F79EFBC}") = "ShopingLibrary.Test", "ShopingLibrary.Test\ShopingLibrary.Test.csproj", "{F728E73B-B04E-439D-9BDD-CA2B4E48BD63}"
EndProject
Project("{FAE04EC0-301F-11D3-BF4B-00C04F79EFBC}") = "ShopingRest_Controller", "ShopingRest_Controller\ShopingRest_Controller.csproj", "{C5BF2ED9-00B2-4E04-B832-29699C7BC75D}"
EndProject
Global
	GlobalSection(SolutionConfigurationPlatforms) = preSolution
		Debug|Any CPU = Debug|Any CPU
		Release|Any CPU = Release|Any CPU
	EndGlobalSection
	GlobalSection(ProjectConfigurationPlatforms) = postSolution
		{A6F11B8C-8F35-4F09-8244-0A89A8230DF4}.Debug|Any CPU.ActiveCfg = Debug|Any CPU
		{A6F11B8C-8F35-4F09-8244-0A89A8230DF4}.Debug|Any CPU.Build.0 = Debug|Any CPU
		{A6F11B8C-8F35-4F09-8244-0A89A8230DF4}.Release|Any CPU.ActiveCfg = Release|Any CPU
		{A6F11B8C-8F35-4F09-8244-0A89A8230DF4}.Release|Any CPU.Build.0 = Release|Any CPU
		{F728E73B-B04E-439D-9BDD-CA2B4E48BD63}.Debug|Any CPU.ActiveCfg = Debug|Any CPU
		{F728E73B-B04E-439D-9BDD-CA2B4E48BD63}.Debug|Any CPU.Build.0 = Debug|Any CPU
		{F728E73B-B04E-439D-9BDD-CA2B4E48BD63}.Release|Any CPU.ActiveCfg = Release|Any CPU
		{F728E73B-B04E-439D-9BDD-CA2B4E48BD63}.Release|Any CPU.Build.0 = Release|Any CPU
		{C5BF2ED9-00B2-4E04-B832-29699C7BC75D}.Debug|Any CPU.ActiveCfg = Debug|Any CPU
		{C5BF2ED9-00B2-4E04-B832-29699C7BC75D}.Debug|Any CPU.Build.0 = Debug|Any CPU
		{C5BF2ED9-00B2-4E04-B832-29699C7BC75D}.Release|Any CPU.ActiveCfg = Release|Any CPU
		{C5BF2ED9-00B2-4E04-B832-29699C7BC75D}.Release|Any CPU.Build.0 = Release|Any CPU
	EndGlobalSection
	GlobalSection(SolutionProperties) = preSolution
		HideSolutionNode = FALSE
	EndGlobalSection
	GlobalSection(ExtensibilityGlobals) = postSolution
		SolutionGuid = {091A10FB-C3A2-4560-95FB-7B973F43FB80}
	EndGlobalSection
EndGlobal
